repos/aemogie/aetheria 6c16f29dca6bcf96f6cd596991852ba4143c0b64
repos/abcdw/rde 31da7c20f745e2dceda818ae6831de9dc1b7faec
repos/anemofilia/zero be5d1847c70be14ba5672489fec76c938c4e46c4
repos/look/misako 69f8af1741fec0b9712dd39c8e3a0d74797fb09a
repos/hako/Testament cdab9919c21df1ec077c024e770546f17f8078fb
repos/jjba23/sss be105b6a1f8a61e39a6c6188db1d49daffbdf1fe
repos/divyaranjan/dotfiles b73f285f7edf6387aa888d897efabd8c5d537f58
repos/wloxyz/guix-configs 6c946dca3e3fb5d6f15c9c0cf2833cac8cde3748
repos/lynn/galahad e27772f0b488efad0661eabeaa0419abb3512ee3
repos/ngraves/dotfiles 7c2821be21ae77e522bbb213d750b1766e5a9351
repos/efraim/guix-config f834736ed6411d00f94f5abf13db0e8c8cc512e6
repos/SqrtMinusOne/dotfiles 9db466d1461c9877dd3f34e80cde53b70d1dd9ab
repos/boeg/home 0de3b618185d434babf7506ca25ff07a5f732934
repos/aartaka/guix-config 4aa2c83dead2a0a3cc6d59caf242f1a71612c8e9
repos/jsoo1/dotfiles 74de158cbc16975623729c8caecfdd16f0c42189
repos/polhuang/dotfiles 73162e44711d95dce5694325ba549a62a8f2ff0b
repos/SunJukebox/guix-config 13c2f02f66a45c1a6c39793e4410d534a6c45c62
repos/mrh/dotfiles ecfda91d8a8f5402e71123d5b4999824e1ae5a17
repos/krevedkokun/dotfiles e2b30cfd6d066294372d8e6ea84467d002cdae6c
