repos/aemogie/aetheria d544f2caba96d06d588b5c3eb27a44d570c96366
repos/abcdw/rde c5a86515fe0bf356b4b3f18bd5981ef44d4330cf
repos/anemofilia/zero 2d70fce9941f1c7e3eafd36dcd6d4410734acde0
repos/look/misako 686241881980457e2d505ab849f23c247736f894
repos/hako/Testament 85fce9c79bd24508609864a5cafa51642bd7620d
repos/jjba23/sss ad5c9232bffe4c12e592c894f7544d514572b012
repos/divyaranjan/dotfiles de663a670d9aeb70dd830fb1b55e177c65a8ea55
repos/wloxyz/guix-configs c21c7d5c379f121ea439ad6f5ce42b742533c66c
repos/lynn/galahad e5d4b341b1322703011c80c454972127e82d2af0
repos/ngraves/dotfiles 8beafe2d14ce4ac9dc9d2e128d26a170bee4218c
repos/efraim/guix-config 635ceff5128df243bc5b30988f69c19d387cb016
repos/SqrtMinusOne/dotfiles 58696bf2e50066a11736525a8f9a97d39758471c
repos/boeg/home 0de3b618185d434babf7506ca25ff07a5f732934
repos/aartaka/guix-config 4aa2c83dead2a0a3cc6d59caf242f1a71612c8e9
repos/jsoo1/dotfiles 11b4387c76b2e9ac063d95c7d20e36988817149a
repos/polhuang/dotfiles 933aef2bf943695dae839f4f8cad2f866f962d16
repos/SunJukebox/guix-config f4cb3e4e988c7a2547143b24caf59f73fefff327
repos/mrh/dotfiles a66cb1a05f2f42c357e67bfb6d20e7988472a476
repos/krevedkokun/dotfiles e2b30cfd6d066294372d8e6ea84467d002cdae6c
