repos/aemogie/aetheria 6c16f29dca6bcf96f6cd596991852ba4143c0b64
repos/abcdw/rde 31da7c20f745e2dceda818ae6831de9dc1b7faec
repos/anemofilia/zero be5d1847c70be14ba5672489fec76c938c4e46c4
repos/look/misako e3f8662fa7fbaa484101baefeb18fbe17bbc842b
repos/hako/Testament a9869c978651dd4c9a5d4e04cc0c5f4ed3635340
repos/jjba23/sss be105b6a1f8a61e39a6c6188db1d49daffbdf1fe
repos/divyaranjan/dotfiles b73f285f7edf6387aa888d897efabd8c5d537f58
repos/wloxyz/guix-configs 6c946dca3e3fb5d6f15c9c0cf2833cac8cde3748
repos/lynn/galahad e27772f0b488efad0661eabeaa0419abb3512ee3
repos/ngraves/dotfiles fd3e1395e6c666e418079bba18925f982e9c04ae
repos/efraim/guix-config f834736ed6411d00f94f5abf13db0e8c8cc512e6
repos/SqrtMinusOne/dotfiles 9db466d1461c9877dd3f34e80cde53b70d1dd9ab
repos/boeg/home 0de3b618185d434babf7506ca25ff07a5f732934
repos/aartaka/guix-config 4aa2c83dead2a0a3cc6d59caf242f1a71612c8e9
repos/jsoo1/dotfiles 74de158cbc16975623729c8caecfdd16f0c42189
repos/polhuang/dotfiles 73162e44711d95dce5694325ba549a62a8f2ff0b
repos/SunJukebox/guix-config 13c2f02f66a45c1a6c39793e4410d534a6c45c62
repos/mrh/dotfiles 9191b13b332b84a3d7ffbc47e3a57ce84baf269e
repos/krevedkokun/dotfiles e2b30cfd6d066294372d8e6ea84467d002cdae6c
